
Microsoft Visual Studio Solution File, Format Version 12.00
# Visual Studio Version 16
VisualStudioVersion = 16.0.29613.14
MinimumVisualStudioVersion = 10.0.40219.1
Project("{9A19103F-16F7-4668-BE54-9A1E7A4F7556}") = "WorkSharp", "WorkSharp.csproj", "{F8B4733B-836E-4CB5-AE55-558CFE612B97}"
EndProject
Project("{9A19103F-16F7-4668-BE54-9A1E7A4F7556}") = "WorkSharp.DAL", "..\WorkSharp.DAL\WorkSharp.DAL.csproj", "{F4776283-4E43-45A4-81E7-FC8D5943E877}"
EndProject
Global
	GlobalSection(SolutionConfigurationPlatforms) = preSolution
		Debug|Any CPU = Debug|Any CPU
		Release|Any CPU = Release|Any CPU
	EndGlobalSection
	GlobalSection(ProjectConfigurationPlatforms) = postSolution
		{F8B4733B-836E-4CB5-AE55-558CFE612B97}.Debug|Any CPU.ActiveCfg = Debug|Any CPU
		{F8B4733B-836E-4CB5-AE55-558CFE612B97}.Debug|Any CPU.Build.0 = Debug|Any CPU
		{F8B4733B-836E-4CB5-AE55-558CFE612B97}.Release|Any CPU.ActiveCfg = Release|Any CPU
		{F8B4733B-836E-4CB5-AE55-558CFE612B97}.Release|Any CPU.Build.0 = Release|Any CPU
		{F4776283-4E43-45A4-81E7-FC8D5943E877}.Debug|Any CPU.ActiveCfg = Debug|Any CPU
		{F4776283-4E43-45A4-81E7-FC8D5943E877}.Debug|Any CPU.Build.0 = Debug|Any CPU
		{F4776283-4E43-45A4-81E7-FC8D5943E877}.Release|Any CPU.ActiveCfg = Release|Any CPU
		{F4776283-4E43-45A4-81E7-FC8D5943E877}.Release|Any CPU.Build.0 = Release|Any CPU
	EndGlobalSection
	GlobalSection(SolutionProperties) = preSolution
		HideSolutionNode = FALSE
	EndGlobalSection
	GlobalSection(ExtensibilityGlobals) = postSolution
		SolutionGuid = {162E4E4E-76AB-4289-AB88-F847AC90A2EE}
	EndGlobalSection
EndGlobal
